// !$*UTF8*$!
{
	archiveVersion = 1;
	classes = {
	};
	objectVersion = 46;
	objects = {

/* Begin PBXBuildFile section */
		8F2DD0011BF988920030A150 /* AppDelegate.swift in Sources */ = {isa = PBXBuildFile; fileRef = 8F2DD0001BF988920030A150 /* AppDelegate.swift */; };
		8F2DD0031BF988920030A150 /* ViewController.swift in Sources */ = {isa = PBXBuildFile; fileRef = 8F2DD0021BF988920030A150 /* ViewController.swift */; };
		8F2DD0061BF988920030A150 /* Main.storyboard in Resources */ = {isa = PBXBuildFile; fileRef = 8F2DD0041BF988920030A150 /* Main.storyboard */; };
		8F2DD0081BF988920030A150 /* Assets.xcassets in Resources */ = {isa = PBXBuildFile; fileRef = 8F2DD0071BF988920030A150 /* Assets.xcassets */; };
		8F2DD00B1BF988920030A150 /* LaunchScreen.storyboard in Resources */ = {isa = PBXBuildFile; fileRef = 8F2DD0091BF988920030A150 /* LaunchScreen.storyboard */; };
/* End PBXBuildFile section */

/* Begin PBXFileReference section */
		8F2DCFFD1BF988920030A150 /* SwiftCoreImageFilter.app */ = {isa = PBXFileReference; explicitFileType = wrapper.application; includeInIndex = 0; path = SwiftCoreImageFilter.app; sourceTree = BUILT_PRODUCTS_DIR; };
		8F2DD0001BF988920030A150 /* AppDelegate.swift */ = {isa = PBXFileReference; lastKnownFileType = sourcecode.swift; path = AppDelegate.swift; sourceTree = "<group>"; };
		8F2DD0021BF988920030A150 /* ViewController.swift */ = {isa = PBXFileReference; lastKnownFileType = sourcecode.swift; path = ViewController.swift; sourceTree = "<group>"; };
		8F2DD0051BF988920030A150 /* Base */ = {isa = PBXFileReference; lastKnownFileType = file.storyboard; name = Base; path = Base.lproj/Main.storyboard; sourceTree = "<group>"; };
		8F2DD0071BF988920030A150 /* Assets.xcassets */ = {isa = PBXFileReference; lastKnownFileType = folder.assetcatalog; path = Assets.xcassets; sourceTree = "<group>"; };
		8F2DD00A1BF988920030A150 /* Base */ = {isa = PBXFileReference; lastKnownFileType = file.storyboard; name = Base; path = Base.lproj/LaunchScreen.storyboard; sourceTree = "<group>"; };
		8F2DD00C1BF988920030A150 /* Info.plist */ = {isa = PBXFileReference; lastKnownFileType = text.plist.xml; path = Info.plist; sourceTree = "<group>"; };
/* End PBXFileReference section */

/* Begin PBXFrameworksBuildPhase section */
		8F2DCFFA1BF988920030A150 /* Frameworks */ = {
			isa = PBXFrameworksBuildPhase;
			buildActionMask = 2147483647;
			files = (
			);
			runOnlyForDeploymentPostprocessing = 0;
		};
/* End PBXFrameworksBuildPhase section */

/* Begin PBXGroup section */
		8F2DCFF41BF988920030A150 = {
			isa = PBXGroup;
			children = (
				8F2DCFFF1BF988920030A150 /* SwiftCoreImageFilter */,
				8F2DCFFE1BF988920030A150 /* Products */,
			);
			sourceTree = "<group>";
		};
		8F2DCFFE1BF988920030A150 /* Products */ = {
			isa = PBXGroup;
			children = (
				8F2DCFFD1BF988920030A150 /* SwiftCoreImageFilter.app */,
			);
			name = Products;
			sourceTree = "<group>";
		};
		8F2DCFFF1BF988920030A150 /* SwiftCoreImageFilter */ = {
			isa = PBXGroup;
			children = (
				8F2DD0001BF988920030A150 /* AppDelegate.swift */,
				8F2DD0021BF988920030A150 /* ViewController.swift */,
				8F2DD0041BF988920030A150 /* Main.storyboard */,
				8F2DD0071BF988920030A150 /* Assets.xcassets */,
				8F2DD0091BF988920030A150 /* LaunchScreen.storyboard */,
				8F2DD00C1BF988920030A150 /* Info.plist */,
			);
			path = SwiftCoreImageFilter;
			sourceTree = "<group>";
		};
/* End PBXGroup section */

/* Begin PBXNativeTarget section */
		8F2DCFFC1BF988920030A150 /* SwiftCoreImageFilter */ = {
			isa = PBXNativeTarget;
			buildConfigurationList = 8F2DD00F1BF988920030A150 /* Build configuration list for PBXNativeTarget "SwiftCoreImageFilter" */;
			buildPhases = (
				8F2DCFF91BF988920030A150 /* Sources */,
				8F2DCFFA1BF988920030A150 /* Frameworks */,
				8F2DCFFB1BF988920030A150 /* Resources */,
			);
			buildRules = (
			);
			dependencies = (
			);
			name = SwiftCoreImageFilter;
			productName = SwiftCoreImageFilter;
			productReference = 8F2DCFFD1BF988920030A150 /* SwiftCoreImageFilter.app */;
			productType = "com.apple.product-type.application";
		};
/* End PBXNativeTarget section */

/* Begin PBXProject section */
		8F2DCFF51BF988920030A150 /* Project object */ = {
			isa = PBXProject;
			attributes = {
				LastSwiftUpdateCheck = 0710;
				LastUpgradeCheck = 0710;
				ORGANIZATIONNAME = "PrashantKumar Mangukiya";
				TargetAttributes = {
					8F2DCFFC1BF988920030A150 = {
						CreatedOnToolsVersion = 7.1.1;
					};
				};
			};
			buildConfigurationList = 8F2DCFF81BF988920030A150 /* Build configuration list for PBXProject "SwiftCoreImageFilter" */;
			compatibilityVersion = "Xcode 3.2";
			developmentRegion = English;
			hasScannedForEncodings = 0;
			knownRegions = (
				en,
				Base,
			);
			mainGroup = 8F2DCFF41BF988920030A150;
			productRefGroup = 8F2DCFFE1BF988920030A150 /* Products */;
			projectDirPath = "";
			projectRoot = "";
			targets = (
				8F2DCFFC1BF988920030A150 /* SwiftCoreImageFilter */,
			);
		};
/* End PBXProject section */

/* Begin PBXResourcesBuildPhase section */
		8F2DCFFB1BF988920030A150 /* Resources */ = {
			isa = PBXResourcesBuildPhase;
			buildActionMask = 2147483647;
			files = (
				8F2DD00B1BF988920030A150 /* LaunchScreen.storyboard in Resources */,
				8F2DD0081BF988920030A150 /* Assets.xcassets in Resources */,
				8F2DD0061BF988920030A150 /* Main.storyboard in Resources */,
			);
			runOnlyForDeploymentPostprocessing = 0;
		};
/* End PBXResourcesBuildPhase section */

/* Begin PBXSourcesBuildPhase section */
		8F2DCFF91BF988920030A150 /* Sources */ = {
			isa = PBXSourcesBuildPhase;
			buildActionMask = 2147483647;
			files = (
				8F2DD0031BF988920030A150 /* ViewController.swift in Sources */,
				8F2DD0011BF988920030A150 /* AppDelegate.swift in Sources */,
			);
			runOnlyForDeploymentPostprocessing = 0;
		};
/* End PBXSourcesBuildPhase section */

/* Begin PBXVariantGroup section */
		8F2DD0041BF988920030A150 /* Main.storyboard */ = {
			isa = PBXVariantGroup;
			children = (
				8F2DD0051BF988920030A150 /* Base */,
			);
			name = Main.storyboard;
			sourceTree = "<group>";
		};
		8F2DD0091BF988920030A150 /* LaunchScreen.storyboard */ = {
			isa = PBXVariantGroup;
			children = (
				8F2DD00A1BF988920030A150 /* Base */,
			);
			name = LaunchScreen.storyboard;
			sourceTree = "<group>";
		};
/* End PBXVariantGroup section */

/* Begin XCBuildConfiguration section */
		8F2DD00D1BF988920030A150 /* Debug */ = {
			isa = XCBuildConfiguration;
			buildSettings = {
				ALWAYS_SEARCH_USER_PATHS = NO;
				CLANG_CXX_LANGUAGE_STANDARD = "gnu++0x";
				CLANG_CXX_LIBRARY = "libc++";
				CLANG_ENABLE_MODULES = YES;
				CLANG_ENABLE_OBJC_ARC = YES;
				CLANG_WARN_BOOL_CONVERSION = YES;
				CLANG_WARN_CONSTANT_CONVERSION = YES;
				CLANG_WARN_DIRECT_OBJC_ISA_USAGE = YES_ERROR;
				CLANG_WARN_EMPTY_BODY = YES;
				CLANG_WARN_ENUM_CONVERSION = YES;
				CLANG_WARN_INT_CONVERSION = YES;
				CLANG_WARN_OBJC_ROOT_CLASS = YES_ERROR;
				CLANG_WARN_UNREACHABLE_CODE = YES;
				CLANG_WARN__DUPLICATE_METHOD_MATCH = YES;
				"CODE_SIGN_IDENTITY[sdk=iphoneos*]" = "iPhone Developer";
				COPY_PHASE_STRIP = NO;
				DEBUG_INFORMATION_FORMAT = dwarf;
				ENABLE_STRICT_OBJC_MSGSEND = YES;
				ENABLE_TESTABILITY = YES;
				GCC_C_LANGUAGE_STANDARD = gnu99;
				GCC_DYNAMIC_NO_PIC = NO;
				GCC_NO_COMMON_BLOCKS = YES;
				GCC_OPTIMIZATION_LEVEL = 0;
				GCC_PREPROCESSOR_DEFINITIONS = (
					"DEBUG=1",
					"$(inherited)",
				);
				GCC_WARN_64_TO_32_BIT_CONVERSION = YES;
				GCC_WARN_ABOUT_RETURN_TYPE = YES_ERROR;
				GCC_WARN_UNDECLARED_SELECTOR = YES;
				GCC_WARN_UNINITIALIZED_AUTOS = YES_AGGRESSIVE;
				GCC_WARN_UNUSED_FUNCTION = YES;
				GCC_WARN_UNUSED_VARIABLE = YES;
				IPHONEOS_DEPLOYMENT_TARGET = 9.1;
				MTL_ENABLE_DEBUG_INFO = YES;
				ONLY_ACTIVE_ARCH = YES;
				SDKROOT = iphoneos;
				SWIFT_OPTIMIZATION_LEVEL = "-Onone";
				TARGETED_DEVICE_FAMILY = "1,2";
			};
			name = Debug;
		};
		8F2DD00E1BF988920030A150 /* Release */ = {
			isa = XCBuildConfiguration;
			buildSettings = {
				ALWAYS_SEARCH_USER_PATHS = NO;
				CLANG_CXX_LANGUAGE_STANDARD = "gnu++0x";
				CLANG_CXX_LIBRARY = "libc++";
				CLANG_ENABLE_MODULES = YES;
				CLANG_ENABLE_OBJC_ARC = YES;
				CLANG_WARN_BOOL_CONVERSION = YES;
				CLANG_WARN_CONSTANT_CONVERSION = YES;
				CLANG_WARN_DIRECT_OBJC_ISA_USAGE = YES_ERROR;
				CLANG_WARN_EMPTY_BODY = YES;
				CLANG_WARN_ENUM_CONVERSION = YES;
				CLANG_WARN_INT_CONVERSION = YES;
				CLANG_WARN_OBJC_ROOT_CLASS = YES_ERROR;
				CLANG_WARN_UNREACHABLE_CODE = YES;
				CLANG_WARN__DUPLICATE_METHOD_MATCH = YES;
				"CODE_SIGN_IDENTITY[sdk=iphoneos*]" = "iPhone Developer";
				COPY_PHASE_STRIP = NO;
				DEBUG_INFORMATION_FORMAT = "dwarf-with-dsym";
				ENABLE_NS_ASSERTIONS = NO;
				ENABLE_STRICT_OBJC_MSGSEND = YES;
				GCC_C_LANGUAGE_STANDARD = gnu99;
				GCC_NO_COMMON_BLOCKS = YES;
				GCC_WARN_64_TO_32_BIT_CONVERSION = YES;
				GCC_WARN_ABOUT_RETURN_TYPE = YES_ERROR;
				GCC_WARN_UNDECLARED_SELECTOR = YES;
				GCC_WARN_UNINITIALIZED_AUTOS = YES_AGGRESSIVE;
				GCC_WARN_UNUSED_FUNCTION = YES;
				GCC_WARN_UNUSED_VARIABLE = YES;
				IPHONEOS_DEPLOYMENT_TARGET = 9.1;
				MTL_ENABLE_DEBUG_INFO = NO;
				SDKROOT = iphoneos;
				TARGETED_DEVICE_FAMILY = "1,2";
				VALIDATE_PRODUCT = YES;
			};
			name = Release;
		};
		8F2DD0101BF988920030A150 /* Debug */ = {
			isa = XCBuildConfiguration;
			buildSettings = {
				ASSETCATALOG_COMPILER_APPICON_NAME = AppIcon;
				INFOPLIST_FILE = SwiftCoreImageFilter/Info.plist;
				LD_RUNPATH_SEARCH_PATHS = "$(inherited) @executable_path/Frameworks";
				PRODUCT_BUNDLE_IDENTIFIER = com.prashantmangukiya.ios.SwiftCoreImageFilter;
				PRODUCT_NAME = "$(TARGET_NAME)";
			};
			name = Debug;
		};
		8F2DD0111BF988920030A150 /* Release */ = {
			isa = XCBuildConfiguration;
			buildSettings = {
				ASSETCATALOG_COMPILER_APPICON_NAME = AppIcon;
				INFOPLIST_FILE = SwiftCoreImageFilter/Info.plist;
				LD_RUNPATH_SEARCH_PATHS = "$(inherited) @executable_path/Frameworks";
				PRODUCT_BUNDLE_IDENTIFIER = com.prashantmangukiya.ios.SwiftCoreImageFilter;
				PRODUCT_NAME = "$(TARGET_NAME)";
			};
			name = Release;
		};
/* End XCBuildConfiguration section */

/* Begin XCConfigurationList section */
		8F2DCFF81BF988920030A150 /* Build configuration list for PBXProject "SwiftCoreImageFilter" */ = {
			isa = XCConfigurationList;
			buildConfigurations = (
				8F2DD00D1BF988920030A150 /* Debug */,
				8F2DD00E1BF988920030A150 /* Release */,
			);
			defaultConfigurationIsVisible = 0;
			defaultConfigurationName = Release;
		};
		8F2DD00F1BF988920030A150 /* Build configuration list for PBXNativeTarget "SwiftCoreImageFilter" */ = {
			isa = XCConfigurationList;
			buildConfigurations = (
				8F2DD0101BF988920030A150 /* Debug */,
				8F2DD0111BF988920030A150 /* Release */,
			);
			defaultConfigurationIsVisible = 0;
		};
/* End XCConfigurationList section */
	};
	rootObject = 8F2DCFF51BF988920030A150 /* Project object */;
}
